
Microsoft Visual Studio Solution File, Format Version 11.00
# Visual Studio 2010
Project("{FAE04EC0-301F-11D3-BF4B-00C04F79EFBC}") = "ClasesBase", "ClasesBase\ClasesBase.csproj", "{89E76B92-A39F-4400-B151-A6383FBF110E}"
EndProject
Project("{FAE04EC0-301F-11D3-BF4B-00C04F79EFBC}") = "Vistas", "Vistas\Vistas.csproj", "{C44C3603-F77E-4201-84E6-BC4531DFC91B}"
EndProject
Project("{54435603-DBB4-11D2-8724-00A0C9A8B90C}") = "Instalador SGE", "Instalador SGE\Instalador SGE.vdproj", "{8655494F-6C11-413B-810F-D149A65A7CE4}"
EndProject
Global
	GlobalSection(SolutionConfigurationPlatforms) = preSolution
		Debug|Any CPU = Debug|Any CPU
		Debug|Mixed Platforms = Debug|Mixed Platforms
		Debug|x86 = Debug|x86
		Release|Any CPU = Release|Any CPU
		Release|Mixed Platforms = Release|Mixed Platforms
		Release|x86 = Release|x86
	EndGlobalSection
	GlobalSection(ProjectConfigurationPlatforms) = postSolution
		{89E76B92-A39F-4400-B151-A6383FBF110E}.Debug|Any CPU.ActiveCfg = Debug|Any CPU
		{89E76B92-A39F-4400-B151-A6383FBF110E}.Debug|Any CPU.Build.0 = Debug|Any CPU
		{89E76B92-A39F-4400-B151-A6383FBF110E}.Debug|Mixed Platforms.ActiveCfg = Debug|Any CPU
		{89E76B92-A39F-4400-B151-A6383FBF110E}.Debug|Mixed Platforms.Build.0 = Debug|Any CPU
		{89E76B92-A39F-4400-B151-A6383FBF110E}.Debug|x86.ActiveCfg = Debug|Any CPU
		{89E76B92-A39F-4400-B151-A6383FBF110E}.Release|Any CPU.ActiveCfg = Release|Any CPU
		{89E76B92-A39F-4400-B151-A6383FBF110E}.Release|Any CPU.Build.0 = Release|Any CPU
		{89E76B92-A39F-4400-B151-A6383FBF110E}.Release|Mixed Platforms.ActiveCfg = Release|Any CPU
		{89E76B92-A39F-4400-B151-A6383FBF110E}.Release|Mixed Platforms.Build.0 = Release|Any CPU
		{89E76B92-A39F-4400-B151-A6383FBF110E}.Release|x86.ActiveCfg = Release|Any CPU
		{C44C3603-F77E-4201-84E6-BC4531DFC91B}.Debug|Any CPU.ActiveCfg = Debug|x86
		{C44C3603-F77E-4201-84E6-BC4531DFC91B}.Debug|Mixed Platforms.ActiveCfg = Debug|x86
		{C44C3603-F77E-4201-84E6-BC4531DFC91B}.Debug|Mixed Platforms.Build.0 = Debug|x86
		{C44C3603-F77E-4201-84E6-BC4531DFC91B}.Debug|x86.ActiveCfg = Debug|x86
		{C44C3603-F77E-4201-84E6-BC4531DFC91B}.Debug|x86.Build.0 = Debug|x86
		{C44C3603-F77E-4201-84E6-BC4531DFC91B}.Release|Any CPU.ActiveCfg = Release|x86
		{C44C3603-F77E-4201-84E6-BC4531DFC91B}.Release|Mixed Platforms.ActiveCfg = Release|x86
		{C44C3603-F77E-4201-84E6-BC4531DFC91B}.Release|Mixed Platforms.Build.0 = Release|x86
		{C44C3603-F77E-4201-84E6-BC4531DFC91B}.Release|x86.ActiveCfg = Release|x86
		{C44C3603-F77E-4201-84E6-BC4531DFC91B}.Release|x86.Build.0 = Release|x86
		{8655494F-6C11-413B-810F-D149A65A7CE4}.Debug|Any CPU.ActiveCfg = Debug
		{8655494F-6C11-413B-810F-D149A65A7CE4}.Debug|Mixed Platforms.ActiveCfg = Debug
		{8655494F-6C11-413B-810F-D149A65A7CE4}.Debug|x86.ActiveCfg = Debug
		{8655494F-6C11-413B-810F-D149A65A7CE4}.Release|Any CPU.ActiveCfg = Release
		{8655494F-6C11-413B-810F-D149A65A7CE4}.Release|Mixed Platforms.ActiveCfg = Release
		{8655494F-6C11-413B-810F-D149A65A7CE4}.Release|x86.ActiveCfg = Release
	EndGlobalSection
	GlobalSection(SolutionProperties) = preSolution
		HideSolutionNode = FALSE
	EndGlobalSection
EndGlobal
